// !$*UTF8*$!
{
	archiveVersion = 1;
	classes = {
	};
	objectVersion = 46;
	objects = {

/* Begin PBXBuildFile section */
		2D2220FF1DE05557009C5F2B /* case.c in Sources */ = {isa = PBXBuildFile; fileRef = 2D2220FC1DE05557009C5F2B /* case.c */; };
		2D2221001DE05557009C5F2B /* main.c in Sources */ = {isa = PBXBuildFile; fileRef = 2D2220FE1DE05557009C5F2B /* main.c */; };
/* End PBXBuildFile section */

/* Begin PBXCopyFilesBuildPhase section */
		2D14D2141DDCD3B1000ADD64 /* CopyFiles */ = {
			isa = PBXCopyFilesBuildPhase;
			buildActionMask = 2147483647;
			dstPath = /usr/share/man/man1/;
			dstSubfolderSpec = 0;
			files = (
			);
			runOnlyForDeploymentPostprocessing = 1;
		};
/* End PBXCopyFilesBuildPhase section */

/* Begin PBXFileReference section */
		2D14D2161DDCD3B1000ADD64 /* Demineur */ = {isa = PBXFileReference; explicitFileType = "compiled.mach-o.executable"; includeInIndex = 0; path = Demineur; sourceTree = BUILT_PRODUCTS_DIR; };
		2D2220FC1DE05557009C5F2B /* case.c */ = {isa = PBXFileReference; fileEncoding = 4; lastKnownFileType = sourcecode.c.c; name = case.c; path = ../../../Desktop/projet_demineur/case.c; sourceTree = "<group>"; };
		2D2220FD1DE05557009C5F2B /* header.h */ = {isa = PBXFileReference; fileEncoding = 4; lastKnownFileType = sourcecode.c.h; name = header.h; path = ../../../Desktop/projet_demineur/header.h; sourceTree = "<group>"; };
		2D2220FE1DE05557009C5F2B /* main.c */ = {isa = PBXFileReference; fileEncoding = 4; lastKnownFileType = sourcecode.c.c; name = main.c; path = ../../../Desktop/projet_demineur/main.c; sourceTree = "<group>"; };
/* End PBXFileReference section */

/* Begin PBXFrameworksBuildPhase section */
		2D14D2131DDCD3B1000ADD64 /* Frameworks */ = {
			isa = PBXFrameworksBuildPhase;
			buildActionMask = 2147483647;
			files = (
			);
			runOnlyForDeploymentPostprocessing = 0;
		};
/* End PBXFrameworksBuildPhase section */

/* Begin PBXGroup section */
		2D14D20D1DDCD3B1000ADD64 = {
			isa = PBXGroup;
			children = (
				2D14D2181DDCD3B1000ADD64 /* Demineur */,
				2D14D2171DDCD3B1000ADD64 /* Products */,
			);
			sourceTree = "<group>";
		};
		2D14D2171DDCD3B1000ADD64 /* Products */ = {
			isa = PBXGroup;
			children = (
				2D14D2161DDCD3B1000ADD64 /* Demineur */,
			);
			name = Products;
			sourceTree = "<group>";
		};
		2D14D2181DDCD3B1000ADD64 /* Demineur */ = {
			isa = PBXGroup;
			children = (
				2D2220FC1DE05557009C5F2B /* case.c */,
				2D2220FD1DE05557009C5F2B /* header.h */,
				2D2220FE1DE05557009C5F2B /* main.c */,
			);
			path = Demineur;
			sourceTree = "<group>";
		};
/* End PBXGroup section */

/* Begin PBXNativeTarget section */
		2D14D2151DDCD3B1000ADD64 /* Demineur */ = {
			isa = PBXNativeTarget;
			buildConfigurationList = 2D14D21D1DDCD3B1000ADD64 /* Build configuration list for PBXNativeTarget "Demineur" */;
			buildPhases = (
				2D14D2121DDCD3B1000ADD64 /* Sources */,
				2D14D2131DDCD3B1000ADD64 /* Frameworks */,
				2D14D2141DDCD3B1000ADD64 /* CopyFiles */,
			);
			buildRules = (
			);
			dependencies = (
			);
			name = Demineur;
			productName = Demineur;
			productReference = 2D14D2161DDCD3B1000ADD64 /* Demineur */;
			productType = "com.apple.product-type.tool";
		};
/* End PBXNativeTarget section */

/* Begin PBXProject section */
		2D14D20E1DDCD3B1000ADD64 /* Project object */ = {
			isa = PBXProject;
			attributes = {
				LastUpgradeCheck = 0800;
				ORGANIZATIONNAME = "Michael Marcus";
				TargetAttributes = {
					2D14D2151DDCD3B1000ADD64 = {
						CreatedOnToolsVersion = 8.0;
						ProvisioningStyle = Automatic;
					};
				};
			};
			buildConfigurationList = 2D14D2111DDCD3B1000ADD64 /* Build configuration list for PBXProject "Demineur" */;
			compatibilityVersion = "Xcode 3.2";
			developmentRegion = English;
			hasScannedForEncodings = 0;
			knownRegions = (
				en,
			);
			mainGroup = 2D14D20D1DDCD3B1000ADD64;
			productRefGroup = 2D14D2171DDCD3B1000ADD64 /* Products */;
			projectDirPath = "";
			projectRoot = "";
			targets = (
				2D14D2151DDCD3B1000ADD64 /* Demineur */,
			);
		};
/* End PBXProject section */

/* Begin PBXSourcesBuildPhase section */
		2D14D2121DDCD3B1000ADD64 /* Sources */ = {
			isa = PBXSourcesBuildPhase;
			buildActionMask = 2147483647;
			files = (
				2D2221001DE05557009C5F2B /* main.c in Sources */,
				2D2220FF1DE05557009C5F2B /* case.c in Sources */,
			);
			runOnlyForDeploymentPostprocessing = 0;
		};
/* End PBXSourcesBuildPhase section */

/* Begin XCBuildConfiguration section */
		2D14D21B1DDCD3B1000ADD64 /* Debug */ = {
			isa = XCBuildConfiguration;
			buildSettings = {
				ALWAYS_SEARCH_USER_PATHS = NO;
				CLANG_ANALYZER_NONNULL = YES;
				CLANG_CXX_LANGUAGE_STANDARD = "gnu++0x";
				CLANG_CXX_LIBRARY = "libc++";
				CLANG_ENABLE_MODULES = YES;
				CLANG_ENABLE_OBJC_ARC = YES;
				CLANG_WARN_BOOL_CONVERSION = YES;
				CLANG_WARN_CONSTANT_CONVERSION = YES;
				CLANG_WARN_DIRECT_OBJC_ISA_USAGE = YES_ERROR;
				CLANG_WARN_DOCUMENTATION_COMMENTS = YES;
				CLANG_WARN_EMPTY_BODY = YES;
				CLANG_WARN_ENUM_CONVERSION = YES;
				CLANG_WARN_INFINITE_RECURSION = YES;
				CLANG_WARN_INT_CONVERSION = YES;
				CLANG_WARN_OBJC_ROOT_CLASS = YES_ERROR;
				CLANG_WARN_SUSPICIOUS_MOVES = YES;
				CLANG_WARN_UNREACHABLE_CODE = YES;
				CLANG_WARN__DUPLICATE_METHOD_MATCH = YES;
				CODE_SIGN_IDENTITY = "-";
				COPY_PHASE_STRIP = NO;
				DEBUG_INFORMATION_FORMAT = dwarf;
				ENABLE_STRICT_OBJC_MSGSEND = YES;
				ENABLE_TESTABILITY = YES;
				GCC_C_LANGUAGE_STANDARD = gnu99;
				GCC_DYNAMIC_NO_PIC = NO;
				GCC_NO_COMMON_BLOCKS = YES;
				GCC_OPTIMIZATION_LEVEL = 0;
				GCC_PREPROCESSOR_DEFINITIONS = (
					"DEBUG=1",
					"$(inherited)",
				);
				GCC_WARN_64_TO_32_BIT_CONVERSION = YES;
				GCC_WARN_ABOUT_RETURN_TYPE = YES_ERROR;
				GCC_WARN_UNDECLARED_SELECTOR = YES;
				GCC_WARN_UNINITIALIZED_AUTOS = YES_AGGRESSIVE;
				GCC_WARN_UNUSED_FUNCTION = YES;
				GCC_WARN_UNUSED_VARIABLE = YES;
				MACOSX_DEPLOYMENT_TARGET = 10.12;
				MTL_ENABLE_DEBUG_INFO = YES;
				ONLY_ACTIVE_ARCH = YES;
				SDKROOT = macosx;
			};
			name = Debug;
		};
		2D14D21C1DDCD3B1000ADD64 /* Release */ = {
			isa = XCBuildConfiguration;
			buildSettings = {
				ALWAYS_SEARCH_USER_PATHS = NO;
				CLANG_ANALYZER_NONNULL = YES;
				CLANG_CXX_LANGUAGE_STANDARD = "gnu++0x";
				CLANG_CXX_LIBRARY = "libc++";
				CLANG_ENABLE_MODULES = YES;
				CLANG_ENABLE_OBJC_ARC = YES;
				CLANG_WARN_BOOL_CONVERSION = YES;
				CLANG_WARN_CONSTANT_CONVERSION = YES;
				CLANG_WARN_DIRECT_OBJC_ISA_USAGE = YES_ERROR;
				CLANG_WARN_DOCUMENTATION_COMMENTS = YES;
				CLANG_WARN_EMPTY_BODY = YES;
				CLANG_WARN_ENUM_CONVERSION = YES;
				CLANG_WARN_INFINITE_RECURSION = YES;
				CLANG_WARN_INT_CONVERSION = YES;
				CLANG_WARN_OBJC_ROOT_CLASS = YES_ERROR;
				CLANG_WARN_SUSPICIOUS_MOVES = YES;
				CLANG_WARN_UNREACHABLE_CODE = YES;
				CLANG_WARN__DUPLICATE_METHOD_MATCH = YES;
				CODE_SIGN_IDENTITY = "-";
				COPY_PHASE_STRIP = NO;
				DEBUG_INFORMATION_FORMAT = "dwarf-with-dsym";
				ENABLE_NS_ASSERTIONS = NO;
				ENABLE_STRICT_OBJC_MSGSEND = YES;
				GCC_C_LANGUAGE_STANDARD = gnu99;
				GCC_NO_COMMON_BLOCKS = YES;
				GCC_WARN_64_TO_32_BIT_CONVERSION = YES;
				GCC_WARN_ABOUT_RETURN_TYPE = YES_ERROR;
				GCC_WARN_UNDECLARED_SELECTOR = YES;
				GCC_WARN_UNINITIALIZED_AUTOS = YES_AGGRESSIVE;
				GCC_WARN_UNUSED_FUNCTION = YES;
				GCC_WARN_UNUSED_VARIABLE = YES;
				MACOSX_DEPLOYMENT_TARGET = 10.12;
				MTL_ENABLE_DEBUG_INFO = NO;
				SDKROOT = macosx;
			};
			name = Release;
		};
		2D14D21E1DDCD3B1000ADD64 /* Debug */ = {
			isa = XCBuildConfiguration;
			buildSettings = {
				PRODUCT_NAME = "$(TARGET_NAME)";
			};
			name = Debug;
		};
		2D14D21F1DDCD3B1000ADD64 /* Release */ = {
			isa = XCBuildConfiguration;
			buildSettings = {
				PRODUCT_NAME = "$(TARGET_NAME)";
			};
			name = Release;
		};
/* End XCBuildConfiguration section */

/* Begin XCConfigurationList section */
		2D14D2111DDCD3B1000ADD64 /* Build configuration list for PBXProject "Demineur" */ = {
			isa = XCConfigurationList;
			buildConfigurations = (
				2D14D21B1DDCD3B1000ADD64 /* Debug */,
				2D14D21C1DDCD3B1000ADD64 /* Release */,
			);
			defaultConfigurationIsVisible = 0;
			defaultConfigurationName = Release;
		};
		2D14D21D1DDCD3B1000ADD64 /* Build configuration list for PBXNativeTarget "Demineur" */ = {
			isa = XCConfigurationList;
			buildConfigurations = (
				2D14D21E1DDCD3B1000ADD64 /* Debug */,
				2D14D21F1DDCD3B1000ADD64 /* Release */,
			);
			defaultConfigurationIsVisible = 0;
			defaultConfigurationName = Release;
		};
/* End XCConfigurationList section */
	};
	rootObject = 2D14D20E1DDCD3B1000ADD64 /* Project object */;
}
